
Microsoft Visual Studio Solution File, Format Version 12.00
# Visual Studio Version 17
VisualStudioVersion = 17.4.33213.308
MinimumVisualStudioVersion = 10.0.40219.1
Project("{9A19103F-16F7-4668-BE54-9A1E7A4F7556}") = "Radial", "Radial\Radial.csproj", "{CDE4604E-647A-4C53-A164-7693ACF9CE62}"
EndProject
Project("{9A19103F-16F7-4668-BE54-9A1E7A4F7556}") = "Radial.WorldBuilder", "Radial.WorldBuilder\Radial.WorldBuilder.csproj", "{4F447EDE-87AE-4D5A-8967-70D3D1348DF0}"
EndProject
Project("{9A19103F-16F7-4668-BE54-9A1E7A4F7556}") = "Radial.Tests", "Radial.Tests\Radial.Tests.csproj", "{198206E3-A581-4ACB-B80A-FBCF6B774158}"
EndProject
Project("{2150E333-8FDC-42A3-9474-1A3956D46DE8}") = "Solution Items", "Solution Items", "{858FDADE-D9F5-4D8A-801D-B6CFDE344E2A}"
	ProjectSection(SolutionItems) = preProject
		Solution Items\screenshot.png = Solution Items\screenshot.png
	EndProjectSection
EndProject
Global
	GlobalSection(SolutionConfigurationPlatforms) = preSolution
		Debug|Any CPU = Debug|Any CPU
		Release|Any CPU = Release|Any CPU
	EndGlobalSection
	GlobalSection(ProjectConfigurationPlatforms) = postSolution
		{CDE4604E-647A-4C53-A164-7693ACF9CE62}.Debug|Any CPU.ActiveCfg = Debug|Any CPU
		{CDE4604E-647A-4C53-A164-7693ACF9CE62}.Debug|Any CPU.Build.0 = Debug|Any CPU
		{CDE4604E-647A-4C53-A164-7693ACF9CE62}.Release|Any CPU.ActiveCfg = Release|Any CPU
		{CDE4604E-647A-4C53-A164-7693ACF9CE62}.Release|Any CPU.Build.0 = Release|Any CPU
		{4F447EDE-87AE-4D5A-8967-70D3D1348DF0}.Debug|Any CPU.ActiveCfg = Debug|Any CPU
		{4F447EDE-87AE-4D5A-8967-70D3D1348DF0}.Debug|Any CPU.Build.0 = Debug|Any CPU
		{4F447EDE-87AE-4D5A-8967-70D3D1348DF0}.Release|Any CPU.ActiveCfg = Release|Any CPU
		{4F447EDE-87AE-4D5A-8967-70D3D1348DF0}.Release|Any CPU.Build.0 = Release|Any CPU
		{198206E3-A581-4ACB-B80A-FBCF6B774158}.Debug|Any CPU.ActiveCfg = Debug|Any CPU
		{198206E3-A581-4ACB-B80A-FBCF6B774158}.Debug|Any CPU.Build.0 = Debug|Any CPU
		{198206E3-A581-4ACB-B80A-FBCF6B774158}.Release|Any CPU.ActiveCfg = Release|Any CPU
		{198206E3-A581-4ACB-B80A-FBCF6B774158}.Release|Any CPU.Build.0 = Release|Any CPU
	EndGlobalSection
	GlobalSection(SolutionProperties) = preSolution
		HideSolutionNode = FALSE
	EndGlobalSection
	GlobalSection(ExtensibilityGlobals) = postSolution
		SolutionGuid = {0B0AA6BA-BF6B-4E8C-9087-BACC4C42DF1E}
	EndGlobalSection
EndGlobal
